
Microsoft Visual Studio Solution File, Format Version 12.00
# Visual Studio Version 17
VisualStudioVersion = 17.8.34525.116
MinimumVisualStudioVersion = 10.0.40219.1
Project("{9A19103F-16F7-4668-BE54-9A1E7A4F7556}") = "FoodSystemAPI", "FoodSystemAPI\FoodSystemAPI.csproj", "{C5E84AD3-C8F9-4902-8BED-4B8F1A3444FA}"
EndProject
Project("{9A19103F-16F7-4668-BE54-9A1E7A4F7556}") = "FoodSystemClient", "FoodSystemClient\FoodSystemClient.csproj", "{09602CC8-DEDA-44DA-AB25-601AB3F2472F}"
EndProject
Project("{9A19103F-16F7-4668-BE54-9A1E7A4F7556}") = "InternalAPI", "InternalAPI\InternalAPI.csproj", "{C63C2C39-54E5-46BE-BF0F-B1F96778A2A9}"
EndProject
Project("{9A19103F-16F7-4668-BE54-9A1E7A4F7556}") = "Tests", "Tests\Tests.csproj", "{C292B60D-988E-44D5-A623-7A22A9AF95EF}"
EndProject
Project("{9A19103F-16F7-4668-BE54-9A1E7A4F7556}") = "MapValueToEnum", "MapValueToEnum\MapValueToEnum.csproj", "{903116A2-C528-4065-BFDC-37CA65B41E2E}"
EndProject
Global
	GlobalSection(SolutionConfigurationPlatforms) = preSolution
		Debug|Any CPU = Debug|Any CPU
		Release|Any CPU = Release|Any CPU
	EndGlobalSection
	GlobalSection(ProjectConfigurationPlatforms) = postSolution
		{C5E84AD3-C8F9-4902-8BED-4B8F1A3444FA}.Debug|Any CPU.ActiveCfg = Debug|Any CPU
		{C5E84AD3-C8F9-4902-8BED-4B8F1A3444FA}.Debug|Any CPU.Build.0 = Debug|Any CPU
		{C5E84AD3-C8F9-4902-8BED-4B8F1A3444FA}.Release|Any CPU.ActiveCfg = Release|Any CPU
		{C5E84AD3-C8F9-4902-8BED-4B8F1A3444FA}.Release|Any CPU.Build.0 = Release|Any CPU
		{09602CC8-DEDA-44DA-AB25-601AB3F2472F}.Debug|Any CPU.ActiveCfg = Debug|Any CPU
		{09602CC8-DEDA-44DA-AB25-601AB3F2472F}.Debug|Any CPU.Build.0 = Debug|Any CPU
		{09602CC8-DEDA-44DA-AB25-601AB3F2472F}.Release|Any CPU.ActiveCfg = Release|Any CPU
		{09602CC8-DEDA-44DA-AB25-601AB3F2472F}.Release|Any CPU.Build.0 = Release|Any CPU
		{C63C2C39-54E5-46BE-BF0F-B1F96778A2A9}.Debug|Any CPU.ActiveCfg = Debug|Any CPU
		{C63C2C39-54E5-46BE-BF0F-B1F96778A2A9}.Debug|Any CPU.Build.0 = Debug|Any CPU
		{C63C2C39-54E5-46BE-BF0F-B1F96778A2A9}.Release|Any CPU.ActiveCfg = Release|Any CPU
		{C63C2C39-54E5-46BE-BF0F-B1F96778A2A9}.Release|Any CPU.Build.0 = Release|Any CPU
		{C292B60D-988E-44D5-A623-7A22A9AF95EF}.Debug|Any CPU.ActiveCfg = Debug|Any CPU
		{C292B60D-988E-44D5-A623-7A22A9AF95EF}.Debug|Any CPU.Build.0 = Debug|Any CPU
		{C292B60D-988E-44D5-A623-7A22A9AF95EF}.Release|Any CPU.ActiveCfg = Release|Any CPU
		{C292B60D-988E-44D5-A623-7A22A9AF95EF}.Release|Any CPU.Build.0 = Release|Any CPU
		{903116A2-C528-4065-BFDC-37CA65B41E2E}.Debug|Any CPU.ActiveCfg = Debug|Any CPU
		{903116A2-C528-4065-BFDC-37CA65B41E2E}.Debug|Any CPU.Build.0 = Debug|Any CPU
		{903116A2-C528-4065-BFDC-37CA65B41E2E}.Release|Any CPU.ActiveCfg = Release|Any CPU
		{903116A2-C528-4065-BFDC-37CA65B41E2E}.Release|Any CPU.Build.0 = Release|Any CPU
	EndGlobalSection
	GlobalSection(SolutionProperties) = preSolution
		HideSolutionNode = FALSE
	EndGlobalSection
	GlobalSection(ExtensibilityGlobals) = postSolution
		SolutionGuid = {2588D58C-7602-461A-93DD-3E912ED2C3FD}
	EndGlobalSection
EndGlobal
