
Microsoft Visual Studio Solution File, Format Version 12.00
# Visual Studio Version 17
VisualStudioVersion = 17.8.34525.116
MinimumVisualStudioVersion = 10.0.40219.1
Project("{FAE04EC0-301F-11D3-BF4B-00C04F79EFBC}") = "Tests", "Tests.csproj", "{D0909209-A9B0-4D5A-8AB9-14F5302029E7}"
EndProject
Global
	GlobalSection(SolutionConfigurationPlatforms) = preSolution
		Debug|Any CPU = Debug|Any CPU
		Release|Any CPU = Release|Any CPU
	EndGlobalSection
	GlobalSection(ProjectConfigurationPlatforms) = postSolution
		{D0909209-A9B0-4D5A-8AB9-14F5302029E7}.Debug|Any CPU.ActiveCfg = Debug|Any CPU
		{D0909209-A9B0-4D5A-8AB9-14F5302029E7}.Debug|Any CPU.Build.0 = Debug|Any CPU
		{D0909209-A9B0-4D5A-8AB9-14F5302029E7}.Release|Any CPU.ActiveCfg = Release|Any CPU
		{D0909209-A9B0-4D5A-8AB9-14F5302029E7}.Release|Any CPU.Build.0 = Release|Any CPU
	EndGlobalSection
	GlobalSection(SolutionProperties) = preSolution
		HideSolutionNode = FALSE
	EndGlobalSection
	GlobalSection(ExtensibilityGlobals) = postSolution
		SolutionGuid = {321ED75B-89CC-4A56-94DC-7CA453C70B5D}
	EndGlobalSection
EndGlobal
